
Microsoft Visual Studio Solution File, Format Version 12.00
# Visual Studio Version 16
VisualStudioVersion = 16.0.30114.105
MinimumVisualStudioVersion = 10.0.40219.1
Project("{FAE04EC0-301F-11D3-BF4B-00C04F79EFBC}") = "ElevenNote.WebAPI", "ElevenNote.WebAPI\ElevenNote.WebAPI.csproj", "{75C0F2E2-1CC9-43BD-B0F9-5279CD6D6DAF}"
EndProject
Project("{FAE04EC0-301F-11D3-BF4B-00C04F79EFBC}") = "ElevenNote.Data", "ElevenNote.Data\ElevenNote.Data.csproj", "{AD13690E-9448-4838-9A17-2E02C04092F2}"
EndProject
Project("{FAE04EC0-301F-11D3-BF4B-00C04F79EFBC}") = "ElevenNote.Models", "ElevenNote.Models\ElevenNote.Models.csproj", "{71AD148F-1244-405E-8832-DE4FBFD1DFA1}"
EndProject
Project("{FAE04EC0-301F-11D3-BF4B-00C04F79EFBC}") = "ElevenNote.Services", "ElevenNote.Services\ElevenNote.Services.csproj", "{B8B08332-2B0E-4FCB-8940-702F62A94C85}"
EndProject
Global
	GlobalSection(SolutionConfigurationPlatforms) = preSolution
		Debug|Any CPU = Debug|Any CPU
		Release|Any CPU = Release|Any CPU
	EndGlobalSection
	GlobalSection(ProjectConfigurationPlatforms) = postSolution
		{75C0F2E2-1CC9-43BD-B0F9-5279CD6D6DAF}.Debug|Any CPU.ActiveCfg = Debug|Any CPU
		{75C0F2E2-1CC9-43BD-B0F9-5279CD6D6DAF}.Debug|Any CPU.Build.0 = Debug|Any CPU
		{75C0F2E2-1CC9-43BD-B0F9-5279CD6D6DAF}.Release|Any CPU.ActiveCfg = Release|Any CPU
		{75C0F2E2-1CC9-43BD-B0F9-5279CD6D6DAF}.Release|Any CPU.Build.0 = Release|Any CPU
		{AD13690E-9448-4838-9A17-2E02C04092F2}.Debug|Any CPU.ActiveCfg = Debug|Any CPU
		{AD13690E-9448-4838-9A17-2E02C04092F2}.Debug|Any CPU.Build.0 = Debug|Any CPU
		{AD13690E-9448-4838-9A17-2E02C04092F2}.Release|Any CPU.ActiveCfg = Release|Any CPU
		{AD13690E-9448-4838-9A17-2E02C04092F2}.Release|Any CPU.Build.0 = Release|Any CPU
		{71AD148F-1244-405E-8832-DE4FBFD1DFA1}.Debug|Any CPU.ActiveCfg = Debug|Any CPU
		{71AD148F-1244-405E-8832-DE4FBFD1DFA1}.Debug|Any CPU.Build.0 = Debug|Any CPU
		{71AD148F-1244-405E-8832-DE4FBFD1DFA1}.Release|Any CPU.ActiveCfg = Release|Any CPU
		{71AD148F-1244-405E-8832-DE4FBFD1DFA1}.Release|Any CPU.Build.0 = Release|Any CPU
		{B8B08332-2B0E-4FCB-8940-702F62A94C85}.Debug|Any CPU.ActiveCfg = Debug|Any CPU
		{B8B08332-2B0E-4FCB-8940-702F62A94C85}.Debug|Any CPU.Build.0 = Debug|Any CPU
		{B8B08332-2B0E-4FCB-8940-702F62A94C85}.Release|Any CPU.ActiveCfg = Release|Any CPU
		{B8B08332-2B0E-4FCB-8940-702F62A94C85}.Release|Any CPU.Build.0 = Release|Any CPU
	EndGlobalSection
	GlobalSection(SolutionProperties) = preSolution
		HideSolutionNode = FALSE
	EndGlobalSection
	GlobalSection(ExtensibilityGlobals) = postSolution
		SolutionGuid = {885EE862-97D3-463F-A29C-D2240498F3FD}
	EndGlobalSection
EndGlobal
